Microsoft Visual Studio Solution File, Format Version 12.00
# Visual Studio Version 17
VisualStudioVersion = 17.5.2.0
MinimumVisualStudioVersion = 10.0.40219.1
Project("{FAE04EC0-301F-11D3-BF4B-00C04F79EFBC}") = "XoXBlogMono", "XoXBlogMono\XoXBlogMono.csproj", "{9FFC806C-7E15-B0F1-AF9F-833683BDBBFA}"
EndProject
Global
	GlobalSection(SolutionConfigurationPlatforms) = preSolution
		Debug|Any CPU = Debug|Any CPU
		Release|Any CPU = Release|Any CPU
	EndGlobalSection
	GlobalSection(ProjectConfigurationPlatforms) = postSolution
		{9FFC806C-7E15-B0F1-AF9F-833683BDBBFA}.Debug|Any CPU.ActiveCfg = Debug|Any CPU
		{9FFC806C-7E15-B0F1-AF9F-833683BDBBFA}.Debug|Any CPU.Build.0 = Debug|Any CPU
		{9FFC806C-7E15-B0F1-AF9F-833683BDBBFA}.Release|Any CPU.ActiveCfg = Release|Any CPU
		{9FFC806C-7E15-B0F1-AF9F-833683BDBBFA}.Release|Any CPU.Build.0 = Release|Any CPU
	EndGlobalSection
	GlobalSection(SolutionProperties) = preSolution
		HideSolutionNode = FALSE
	EndGlobalSection
	GlobalSection(ExtensibilityGlobals) = postSolution
		SolutionGuid = {798A8C4E-A2F5-4D1C-B990-F5A919C9FFD9}
	EndGlobalSection
EndGlobal
